
Microsoft Visual Studio Solution File, Format Version 12.00
# Visual Studio Version 16
VisualStudioVersion = 16.0.30406.217
MinimumVisualStudioVersion = 15.0.26124.0
Project("{9A19103F-16F7-4668-BE54-9A1E7A4F7556}") = "MTM", "mtm\MTM.csproj", "{B6C059A9-586E-4B1E-BFD8-CC1AB497E83F}"
EndProject
Global
	GlobalSection(SolutionConfigurationPlatforms) = preSolution
		Debug|Any CPU = Debug|Any CPU
		Debug|x64 = Debug|x64
		Debug|x86 = Debug|x86
		Release|Any CPU = Release|Any CPU
		Release|x64 = Release|x64
		Release|x86 = Release|x86
	EndGlobalSection
	GlobalSection(ProjectConfigurationPlatforms) = postSolution
		{B6C059A9-586E-4B1E-BFD8-CC1AB497E83F}.Debug|Any CPU.ActiveCfg = Debug|Any CPU
		{B6C059A9-586E-4B1E-BFD8-CC1AB497E83F}.Debug|Any CPU.Build.0 = Debug|Any CPU
		{B6C059A9-586E-4B1E-BFD8-CC1AB497E83F}.Debug|x64.ActiveCfg = Debug|Any CPU
		{B6C059A9-586E-4B1E-BFD8-CC1AB497E83F}.Debug|x64.Build.0 = Debug|Any CPU
		{B6C059A9-586E-4B1E-BFD8-CC1AB497E83F}.Debug|x86.ActiveCfg = Debug|Any CPU
		{B6C059A9-586E-4B1E-BFD8-CC1AB497E83F}.Debug|x86.Build.0 = Debug|Any CPU
		{B6C059A9-586E-4B1E-BFD8-CC1AB497E83F}.Release|Any CPU.ActiveCfg = Release|Any CPU
		{B6C059A9-586E-4B1E-BFD8-CC1AB497E83F}.Release|Any CPU.Build.0 = Release|Any CPU
		{B6C059A9-586E-4B1E-BFD8-CC1AB497E83F}.Release|x64.ActiveCfg = Release|Any CPU
		{B6C059A9-586E-4B1E-BFD8-CC1AB497E83F}.Release|x64.Build.0 = Release|Any CPU
		{B6C059A9-586E-4B1E-BFD8-CC1AB497E83F}.Release|x86.ActiveCfg = Release|Any CPU
		{B6C059A9-586E-4B1E-BFD8-CC1AB497E83F}.Release|x86.Build.0 = Release|Any CPU
	EndGlobalSection
	GlobalSection(SolutionProperties) = preSolution
		HideSolutionNode = FALSE
	EndGlobalSection
	GlobalSection(ExtensibilityGlobals) = postSolution
		SolutionGuid = {19E12DA8-4878-4B34-82D1-9C697631C0F2}
	EndGlobalSection
EndGlobal
